# This file was autogenerated by Stack.
# You should not edit this file by hand.
# For more information, please see the documentation at:
#   https://docs.haskellstack.org/en/stable/lock_files

packages:
- completed:
    hackage: wai-log-0.2.0.0@sha256:781f61c8b44a5ad5db662611c405c07ba3ec5c8e0a9435f143396c61ccbd9b5c,1581
    pantry-tree:
      size: 411
      sha256: c92aecf148dd26b0264b73d734fa8a7cea653280870b9bdfe4bffce701f2bf82
  original:
    hackage: wai-log-0.2.0.0@sha256:781f61c8b44a5ad5db662611c405c07ba3ec5c8e0a9435f143396c61ccbd9b5c,1581
snapshots:
- completed:
    size: 534126
    url: https://raw.githubusercontent.com/commercialhaskell/stackage-snapshots/master/lts/16/31.yaml
    sha256: 637fb77049b25560622a224845b7acfe81a09fdb6a96a3c75997a10b651667f6
  original: lts-16.31
